
Microsoft Visual Studio Solution File, Format Version 12.00
# Visual Studio Version 16
VisualStudioVersion = 16.0.29806.167
MinimumVisualStudioVersion = 10.0.40219.1
Project("{FAE04EC0-301F-11D3-BF4B-00C04F79EFBC}") = "GameOfFifteen", "GameOfFifteen\GameOfFifteen.csproj", "{4D85FEE0-9C3B-4409-9FF3-CFF95B2A665E}"
EndProject
Project("{9A19103F-16F7-4668-BE54-9A1E7A4F7556}") = "GameOfFifteen.Shuffler", "GameOfFifteen.Shuffler\GameOfFifteen.Shuffler.csproj", "{1B19B837-577B-41FA-8B21-1759D253A14D}"
EndProject
Project("{FAE04EC0-301F-11D3-BF4B-00C04F79EFBC}") = "GameOfFifteen.Solver", "GameOfFifteen.Solver\GameOfFifteen.Solver.csproj", "{29F157E3-BF84-4412-B0D9-6694D71BC3E8}"
EndProject
Global
	GlobalSection(SolutionConfigurationPlatforms) = preSolution
		Debug|Any CPU = Debug|Any CPU
		Release|Any CPU = Release|Any CPU
	EndGlobalSection
	GlobalSection(ProjectConfigurationPlatforms) = postSolution
		{4D85FEE0-9C3B-4409-9FF3-CFF95B2A665E}.Debug|Any CPU.ActiveCfg = Debug|Any CPU
		{4D85FEE0-9C3B-4409-9FF3-CFF95B2A665E}.Debug|Any CPU.Build.0 = Debug|Any CPU
		{4D85FEE0-9C3B-4409-9FF3-CFF95B2A665E}.Release|Any CPU.ActiveCfg = Release|Any CPU
		{4D85FEE0-9C3B-4409-9FF3-CFF95B2A665E}.Release|Any CPU.Build.0 = Release|Any CPU
		{1B19B837-577B-41FA-8B21-1759D253A14D}.Debug|Any CPU.ActiveCfg = Debug|Any CPU
		{1B19B837-577B-41FA-8B21-1759D253A14D}.Debug|Any CPU.Build.0 = Debug|Any CPU
		{1B19B837-577B-41FA-8B21-1759D253A14D}.Release|Any CPU.ActiveCfg = Release|Any CPU
		{1B19B837-577B-41FA-8B21-1759D253A14D}.Release|Any CPU.Build.0 = Release|Any CPU
		{29F157E3-BF84-4412-B0D9-6694D71BC3E8}.Debug|Any CPU.ActiveCfg = Debug|Any CPU
		{29F157E3-BF84-4412-B0D9-6694D71BC3E8}.Debug|Any CPU.Build.0 = Debug|Any CPU
		{29F157E3-BF84-4412-B0D9-6694D71BC3E8}.Release|Any CPU.ActiveCfg = Release|Any CPU
		{29F157E3-BF84-4412-B0D9-6694D71BC3E8}.Release|Any CPU.Build.0 = Release|Any CPU
	EndGlobalSection
	GlobalSection(SolutionProperties) = preSolution
		HideSolutionNode = FALSE
	EndGlobalSection
	GlobalSection(ExtensibilityGlobals) = postSolution
		SolutionGuid = {7F22FB66-98CE-4000-A520-ECFE02CAD2DA}
	EndGlobalSection
EndGlobal
